{
    "_readme": [
        "This file locks the dependencies of your project to a known state",
        "Read more about it at https://getcomposer.org/doc/01-basic-usage.md#composer-lock-the-lock-file",
        "This file is @generated automatically"
    ],
    "content-hash": "22e61ddb1efda682b874e2e2e1f299c8",
    "packages": [
        {
            "name": "cosenary/instagram",
            "version": "dev-master",
            "source": {
                "type": "git",
                "url": "https://github.com/florianbeer/Instagram-PHP-API.git",
                "reference": "e282c53e94a92e912c9cd92e1b55032f842dbc32"
            },
            "dist": {
                "type": "zip",
                "url": "https://api.github.com/repos/florianbeer/Instagram-PHP-API/zipball/e282c53e94a92e912c9cd92e1b55032f842dbc32",
                "reference": "e282c53e94a92e912c9cd92e1b55032f842dbc32",
                "shasum": ""
            },
            "require": {
                "ext-curl": "*",
                "php": ">=5.3.0"
            },
            "type": "library",
            "extra": {
                "branch-alias": {
                    "dev-master": "2.4-dev"
                }
            },
            "autoload": {
                "psr-4": {
                    "MetzWeb\\Instagram\\": "src"
                }
            },
            "license": [
                "BSD"
            ],
            "authors": [
                {
                    "name": "Christian Metz",
                    "email": "christian-metz1@gmx.net",
                    "homepage": "http://metzweb.net"
                }
            ],
            "description": "An easy-to-use PHP Class for accessing Instagram's API.",
            "homepage": "https://github.com/cosenary/Instagram-PHP-API",
            "keywords": [
                "api",
                "instagram"
            ],
            "support": {
                "source": "https://github.com/florianbeer/Instagram-PHP-API/tree/master",
                "issues": "https://github.com/florianbeer/Instagram-PHP-API/issues"
            },
            "time": "2016-10-26 09:05:24"
        },
        {
            "name": "johnpbloch/wordpress",
            "version": "4.8.2",
            "source": {
                "type": "git",
                "url": "https://github.com/johnpbloch/wordpress.git",
                "reference": "d500aae1793990e4874cf794b6cf88ce60a38918"
            },
            "dist": {
                "type": "zip",
                "url": "https://api.github.com/repos/johnpbloch/wordpress/zipball/d500aae1793990e4874cf794b6cf88ce60a38918",
                "reference": "d500aae1793990e4874cf794b6cf88ce60a38918",
                "shasum": ""
            },
            "require": {
                "johnpbloch/wordpress-core": "4.8.2",
                "johnpbloch/wordpress-core-installer": "^1.0",
                "php": ">=5.3.2"
            },
            "type": "package",
            "notification-url": "https://packagist.org/downloads/",
            "license": [
                "GPL-2.0+"
            ],
            "authors": [
                {
                    "name": "WordPress Community",
                    "homepage": "http://wordpress.org/about/"
                }
            ],
            "description": "WordPress is web software you can use to create a beautiful website or blog.",
            "homepage": "http://wordpress.org/",
            "keywords": [
                "blog",
                "cms",
                "wordpress"
            ],
            "time": "2017-09-19T22:27:16+00:00"
        },
        {
            "name": "johnpbloch/wordpress-core",
            "version": "4.8.2",
            "source": {
                "type": "git",
                "url": "https://github.com/johnpbloch/wordpress-core.git",
                "reference": "706faa0d7b6b57a25d4acd18331dd71dfa6b01cf"
            },
            "dist": {
                "type": "zip",
                "url": "https://api.github.com/repos/johnpbloch/wordpress-core/zipball/706faa0d7b6b57a25d4acd18331dd71dfa6b01cf",
                "reference": "706faa0d7b6b57a25d4acd18331dd71dfa6b01cf",
                "shasum": ""
            },
            "require": {
                "php": ">=5.3.2"
            },
            "provide": {
                "wordpress/core-implementation": "4.8.2"
            },
            "type": "wordpress-core",
            "notification-url": "https://packagist.org/downloads/",
            "license": [
                "GPL-2.0+"
            ],
            "authors": [
                {
                    "name": "WordPress Community",
                    "homepage": "http://wordpress.org/about/"
                }
            ],
            "description": "WordPress is web software you can use to create a beautiful website or blog.",
            "homepage": "http://wordpress.org/",
            "keywords": [
                "blog",
                "cms",
                "wordpress"
            ],
            "time": "2017-09-19T22:27:11+00:00"
        },
        {
            "name": "johnpbloch/wordpress-core-installer",
            "version": "1.0.0",
            "source": {
                "type": "git",
                "url": "https://github.com/johnpbloch/wordpress-core-installer.git",
                "reference": "e9e767f2d9f994f358c34b41def2c410ad8717f2"
            },
            "dist": {
                "type": "zip",
                "url": "https://api.github.com/repos/johnpbloch/wordpress-core-installer/zipball/e9e767f2d9f994f358c34b41def2c410ad8717f2",
                "reference": "e9e767f2d9f994f358c34b41def2c410ad8717f2",
                "shasum": ""
            },
            "require": {
                "composer-plugin-api": "^1.0"
            },
            "conflict": {
                "composer/installers": "<1.0.6"
            },
            "require-dev": {
                "composer/composer": "^1.0",
                "phpunit/phpunit": ">=4.8.35"
            },
            "type": "composer-plugin",
            "extra": {
                "class": "johnpbloch\\Composer\\WordPressCorePlugin"
            },
            "autoload": {
                "psr-0": {
                    "johnpbloch\\Composer\\": "src/"
                }
            },
            "notification-url": "https://packagist.org/downloads/",
            "license": [
                "GPL-2.0+"
            ],
            "authors": [
                {
                    "name": "John P. Bloch",
                    "email": "me@johnpbloch.com"
                }
            ],
            "description": "A custom installer to handle deploying WordPress with composer",
            "keywords": [
                "wordpress"
            ],
            "time": "2017-05-31T18:42:33+00:00"
        },
        {
            "name": "phpfastcache/phpfastcache",
            "version": "6.0.6",
            "source": {
                "type": "git",
                "url": "https://github.com/PHPSocialNetwork/phpfastcache.git",
                "reference": "80422c962bd21850dc76ff2bf0ca972ff9dff393"
            },
            "dist": {
                "type": "zip",
                "url": "https://api.github.com/repos/PHPSocialNetwork/phpfastcache/zipball/80422c962bd21850dc76ff2bf0ca972ff9dff393",
                "reference": "80422c962bd21850dc76ff2bf0ca972ff9dff393",
                "shasum": ""
            },
            "require": {
                "ext-json": "*",
                "ext-mbstring": "*",
                "php": "^5.6 || ^7.0",
                "psr/cache": "~1.0.0",
                "psr/simple-cache": "~1.0.0"
            },
            "conflict": {
                "doctrine/couchdb": "*"
            },
            "suggest": {
                "ext-apc": "*",
                "ext-intl": "*",
                "ext-leveldb": "*",
                "ext-memcache": "*",
                "ext-memcached": "*",
                "ext-redis": "*",
                "ext-sqlite": "*",
                "ext-wincache": "*",
                "ext-xcache": "*",
                "mongodb/mongodb": "^1.1",
                "phpfastcache/couchdb": "~1.0.0",
                "phpfastcache/phpssdb": "~1.0.0",
                "predis/predis": "~1.1.0"
            },
            "type": "library",
            "autoload": {
                "psr-4": {
                    "phpFastCache\\": "src/phpFastCache/"
                }
            },
            "notification-url": "https://packagist.org/downloads/",
            "license": [
                "MIT"
            ],
            "authors": [
                {
                    "name": "Khoa Bui",
                    "email": "khoaofgod@gmail.com",
                    "homepage": "http://www.phpfastcache.com",
                    "role": "Developer"
                },
                {
                    "name": "Georges.L",
                    "email": "contact@geolim4.com",
                    "homepage": "https://github.com/Geolim4",
                    "role": "Developer"
                }
            ],
            "description": "PHP Cache Class - Reduce your database call using cache system. PhpFastCache handles a lot of drivers such as Apc(u), Cassandra, CouchBase, Couchdb, Mongodb, Files, (P)redis, Leveldb, Memcache(d), Ssdb, Sqlite, Wincache, Xcache, Zend Data Cache.",
            "homepage": "http://www.phpfastcache.com",
            "keywords": [
                "LevelDb",
                "apc",
                "apcu",
                "cache",
                "cache class",
                "caching",
                "cassandra",
                "cookie",
                "couchbase",
                "couchdb",
                "files cache",
                "memcache",
                "memcached",
                "mongodb",
                "mysql cache",
                "pdo cache",
                "php cache",
                "predis",
                "redis",
                "ssdb",
                "wincache",
                "xcache",
                "zend",
                "zend data cache",
                "zend disk cache",
                "zend memory cache",
                "zend server"
            ],
            "time": "2017-10-19T19:34:36+00:00"
        },
        {
            "name": "psr/cache",
            "version": "1.0.1",
            "source": {
                "type": "git",
                "url": "https://github.com/php-fig/cache.git",
                "reference": "d11b50ad223250cf17b86e38383413f5a6764bf8"
            },
            "dist": {
                "type": "zip",
                "url": "https://api.github.com/repos/php-fig/cache/zipball/d11b50ad223250cf17b86e38383413f5a6764bf8",
                "reference": "d11b50ad223250cf17b86e38383413f5a6764bf8",
                "shasum": ""
            },
            "require": {
                "php": ">=5.3.0"
            },
            "type": "library",
            "extra": {
                "branch-alias": {
                    "dev-master": "1.0.x-dev"
                }
            },
            "autoload": {
                "psr-4": {
                    "Psr\\Cache\\": "src/"
                }
            },
            "notification-url": "https://packagist.org/downloads/",
            "license": [
                "MIT"
            ],
            "authors": [
                {
                    "name": "PHP-FIG",
                    "homepage": "http://www.php-fig.org/"
                }
            ],
            "description": "Common interface for caching libraries",
            "keywords": [
                "cache",
                "psr",
                "psr-6"
            ],
            "time": "2016-08-06T20:24:11+00:00"
        },
        {
            "name": "psr/simple-cache",
            "version": "1.0.0",
            "source": {
                "type": "git",
                "url": "https://github.com/php-fig/simple-cache.git",
                "reference": "753fa598e8f3b9966c886fe13f370baa45ef0e24"
            },
            "dist": {
                "type": "zip",
                "url": "https://api.github.com/repos/php-fig/simple-cache/zipball/753fa598e8f3b9966c886fe13f370baa45ef0e24",
                "reference": "753fa598e8f3b9966c886fe13f370baa45ef0e24",
                "shasum": ""
            },
            "require": {
                "php": ">=5.3.0"
            },
            "type": "library",
            "extra": {
                "branch-alias": {
                    "dev-master": "1.0.x-dev"
                }
            },
            "autoload": {
                "psr-4": {
                    "Psr\\SimpleCache\\": "src/"
                }
            },
            "notification-url": "https://packagist.org/downloads/",
            "license": [
                "MIT"
            ],
            "authors": [
                {
                    "name": "PHP-FIG",
                    "homepage": "http://www.php-fig.org/"
                }
            ],
            "description": "Common interfaces for simple caching",
            "keywords": [
                "cache",
                "caching",
                "psr",
                "psr-16",
                "simple-cache"
            ],
            "time": "2017-01-02T13:31:39+00:00"
        }
    ],
    "packages-dev": [],
    "aliases": [],
    "minimum-stability": "stable",
    "stability-flags": {
        "cosenary/instagram": 20
    },
    "prefer-stable": false,
    "prefer-lowest": false,
    "platform": {
        "php": ">=5.4"
    },
    "platform-dev": []
}
